// !$*UTF8*$!
{
	archiveVersion = 1;
	classes = {
	};
	objectVersion = 46;
	objects = {

/* Begin PBXBuildFile section */
		4A99431C9FB844026C2BD121 /* libPods.a in Frameworks */ = {isa = PBXBuildFile; fileRef = 0BFD60F63E99C6EFA6904848 /* libPods.a */; };
		BC1D00981C44C134007514DA /* CYDatabaseMessage.m in Sources */ = {isa = PBXBuildFile; fileRef = BC1D00971C44C134007514DA /* CYDatabaseMessage.m */; };
		BC1D009B1C44C253007514DA /* CYScoreModel.m in Sources */ = {isa = PBXBuildFile; fileRef = BC1D009A1C44C253007514DA /* CYScoreModel.m */; };
		BCACE5D21C0981560040ACF3 /* ForgetViewController.m in Sources */ = {isa = PBXBuildFile; fileRef = BCACE5D11C0981560040ACF3 /* ForgetViewController.m */; };
		BCC0526D1C2ACC40004DF76B /* CYGameOverViewController.m in Sources */ = {isa = PBXBuildFile; fileRef = BCC0526C1C2ACC40004DF76B /* CYGameOverViewController.m */; };
		BCD401C11C087468003883E8 /* main.m in Sources */ = {isa = PBXBuildFile; fileRef = BCD401C01C087468003883E8 /* main.m */; };
		BCD401C41C087468003883E8 /* AppDelegate.m in Sources */ = {isa = PBXBuildFile; fileRef = BCD401C31C087468003883E8 /* AppDelegate.m */; };
		BCD401C71C087468003883E8 /* ViewController.m in Sources */ = {isa = PBXBuildFile; fileRef = BCD401C61C087468003883E8 /* ViewController.m */; };
		BCD401CA1C087468003883E8 /* Main.storyboard in Resources */ = {isa = PBXBuildFile; fileRef = BCD401C81C087468003883E8 /* Main.storyboard */; };
		BCD401CC1C087468003883E8 /* Images.xcassets in Resources */ = {isa = PBXBuildFile; fileRef = BCD401CB1C087468003883E8 /* Images.xcassets */; };
		BCD401CF1C087468003883E8 /* LaunchScreen.xib in Resources */ = {isa = PBXBuildFile; fileRef = BCD401CD1C087468003883E8 /* LaunchScreen.xib */; };
		BCD401DB1C087468003883E8 /* CYloginSystemTests.m in Sources */ = {isa = PBXBuildFile; fileRef = BCD401DA1C087468003883E8 /* CYloginSystemTests.m */; };
/* End PBXBuildFile section */

/* Begin PBXContainerItemProxy section */
		BCD401D51C087468003883E8 /* PBXContainerItemProxy */ = {
			isa = PBXContainerItemProxy;
			containerPortal = BCD401B31C087467003883E8 /* Project object */;
			proxyType = 1;
			remoteGlobalIDString = BCD401BA1C087467003883E8;
			remoteInfo = CYloginSystem;
		};
/* End PBXContainerItemProxy section */

/* Begin PBXFileReference section */
		0BFD60F63E99C6EFA6904848 /* libPods.a */ = {isa = PBXFileReference; explicitFileType = archive.ar; includeInIndex = 0; path = libPods.a; sourceTree = BUILT_PRODUCTS_DIR; };
		BC1D00961C44C134007514DA /* CYDatabaseMessage.h */ = {isa = PBXFileReference; fileEncoding = 4; lastKnownFileType = sourcecode.c.h; path = CYDatabaseMessage.h; sourceTree = "<group>"; };
		BC1D00971C44C134007514DA /* CYDatabaseMessage.m */ = {isa = PBXFileReference; fileEncoding = 4; lastKnownFileType = sourcecode.c.objc; path = CYDatabaseMessage.m; sourceTree = "<group>"; };
		BC1D00991C44C253007514DA /* CYScoreModel.h */ = {isa = PBXFileReference; fileEncoding = 4; lastKnownFileType = sourcecode.c.h; path = CYScoreModel.h; sourceTree = "<group>"; };
		BC1D009A1C44C253007514DA /* CYScoreModel.m */ = {isa = PBXFileReference; fileEncoding = 4; lastKnownFileType = sourcecode.c.objc; path = CYScoreModel.m; sourceTree = "<group>"; };
		BC5021F11C4A42B700484C49 /* CY.pch */ = {isa = PBXFileReference; lastKnownFileType = sourcecode.c.h; path = CY.pch; sourceTree = "<group>"; };
		BCACE5D01C0981560040ACF3 /* ForgetViewController.h */ = {isa = PBXFileReference; fileEncoding = 4; lastKnownFileType = sourcecode.c.h; path = ForgetViewController.h; sourceTree = "<group>"; };
		BCACE5D11C0981560040ACF3 /* ForgetViewController.m */ = {isa = PBXFileReference; fileEncoding = 4; lastKnownFileType = sourcecode.c.objc; path = ForgetViewController.m; sourceTree = "<group>"; };
		BCC0526B1C2ACC40004DF76B /* CYGameOverViewController.h */ = {isa = PBXFileReference; fileEncoding = 4; lastKnownFileType = sourcecode.c.h; path = CYGameOverViewController.h; sourceTree = "<group>"; };
		BCC0526C1C2ACC40004DF76B /* CYGameOverViewController.m */ = {isa = PBXFileReference; fileEncoding = 4; lastKnownFileType = sourcecode.c.objc; path = CYGameOverViewController.m; sourceTree = "<group>"; };
		BCD401BB1C087467003883E8 /* CYloginSystem.app */ = {isa = PBXFileReference; explicitFileType = wrapper.application; includeInIndex = 0; path = CYloginSystem.app; sourceTree = BUILT_PRODUCTS_DIR; };
		BCD401BF1C087468003883E8 /* Info.plist */ = {isa = PBXFileReference; lastKnownFileType = text.plist.xml; path = Info.plist; sourceTree = "<group>"; };
		BCD401C01C087468003883E8 /* main.m */ = {isa = PBXFileReference; lastKnownFileType = sourcecode.c.objc; path = main.m; sourceTree = "<group>"; };
		BCD401C21C087468003883E8 /* AppDelegate.h */ = {isa = PBXFileReference; lastKnownFileType = sourcecode.c.h; path = AppDelegate.h; sourceTree = "<group>"; };
		BCD401C31C087468003883E8 /* AppDelegate.m */ = {isa = PBXFileReference; lastKnownFileType = sourcecode.c.objc; path = AppDelegate.m; sourceTree = "<group>"; };
		BCD401C51C087468003883E8 /* ViewController.h */ = {isa = PBXFileReference; lastKnownFileType = sourcecode.c.h; path = ViewController.h; sourceTree = "<group>"; };
		BCD401C61C087468003883E8 /* ViewController.m */ = {isa = PBXFileReference; lastKnownFileType = sourcecode.c.objc; path = ViewController.m; sourceTree = "<group>"; };
		BCD401C91C087468003883E8 /* Base */ = {isa = PBXFileReference; lastKnownFileType = file.storyboard; name = Base; path = Base.lproj/Main.storyboard; sourceTree = "<group>"; };
		BCD401CB1C087468003883E8 /* Images.xcassets */ = {isa = PBXFileReference; lastKnownFileType = folder.assetcatalog; path = Images.xcassets; sourceTree = "<group>"; };
		BCD401CE1C087468003883E8 /* Base */ = {isa = PBXFileReference; lastKnownFileType = file.xib; name = Base; path = Base.lproj/LaunchScreen.xib; sourceTree = "<group>"; };
		BCD401D41C087468003883E8 /* CYloginSystemTests.xctest */ = {isa = PBXFileReference; explicitFileType = wrapper.cfbundle; includeInIndex = 0; path = CYloginSystemTests.xctest; sourceTree = BUILT_PRODUCTS_DIR; };
		BCD401D91C087468003883E8 /* Info.plist */ = {isa = PBXFileReference; lastKnownFileType = text.plist.xml; path = Info.plist; sourceTree = "<group>"; };
		BCD401DA1C087468003883E8 /* CYloginSystemTests.m */ = {isa = PBXFileReference; lastKnownFileType = sourcecode.c.objc; path = CYloginSystemTests.m; sourceTree = "<group>"; };
		D91B4CDA36987354152C72F7 /* Pods.release.xcconfig */ = {isa = PBXFileReference; includeInIndex = 1; lastKnownFileType = text.xcconfig; name = Pods.release.xcconfig; path = "Pods/Target Support Files/Pods/Pods.release.xcconfig"; sourceTree = "<group>"; };
		E9BEBFA6C5650BFA6136F123 /* Pods.debug.xcconfig */ = {isa = PBXFileReference; includeInIndex = 1; lastKnownFileType = text.xcconfig; name = Pods.debug.xcconfig; path = "Pods/Target Support Files/Pods/Pods.debug.xcconfig"; sourceTree = "<group>"; };
/* End PBXFileReference section */

/* Begin PBXFrameworksBuildPhase section */
		BCD401B81C087467003883E8 /* Frameworks */ = {
			isa = PBXFrameworksBuildPhase;
			buildActionMask = 2147483647;
			files = (
				4A99431C9FB844026C2BD121 /* libPods.a in Frameworks */,
			);
			runOnlyForDeploymentPostprocessing = 0;
		};
		BCD401D11C087468003883E8 /* Frameworks */ = {
			isa = PBXFrameworksBuildPhase;
			buildActionMask = 2147483647;
			files = (
			);
			runOnlyForDeploymentPostprocessing = 0;
		};
/* End PBXFrameworksBuildPhase section */

/* Begin PBXGroup section */
		A8E8CF399171A1978263C31F /* Pods */ = {
			isa = PBXGroup;
			children = (
				E9BEBFA6C5650BFA6136F123 /* Pods.debug.xcconfig */,
				D91B4CDA36987354152C72F7 /* Pods.release.xcconfig */,
			);
			name = Pods;
			sourceTree = "<group>";
		};
		BCD401B21C087467003883E8 = {
			isa = PBXGroup;
			children = (
				BCD401BD1C087467003883E8 /* CYloginSystem */,
				BCD401D71C087468003883E8 /* CYloginSystemTests */,
				BCD401BC1C087467003883E8 /* Products */,
				A8E8CF399171A1978263C31F /* Pods */,
				F391C5040A04F24C46F8DDE0 /* Frameworks */,
			);
			sourceTree = "<group>";
		};
		BCD401BC1C087467003883E8 /* Products */ = {
			isa = PBXGroup;
			children = (
				BCD401BB1C087467003883E8 /* CYloginSystem.app */,
				BCD401D41C087468003883E8 /* CYloginSystemTests.xctest */,
			);
			name = Products;
			sourceTree = "<group>";
		};
		BCD401BD1C087467003883E8 /* CYloginSystem */ = {
			isa = PBXGroup;
			children = (
				BCD401C21C087468003883E8 /* AppDelegate.h */,
				BCD401C31C087468003883E8 /* AppDelegate.m */,
				BCD401C51C087468003883E8 /* ViewController.h */,
				BCD401C61C087468003883E8 /* ViewController.m */,
				BCACE5D01C0981560040ACF3 /* ForgetViewController.h */,
				BCACE5D11C0981560040ACF3 /* ForgetViewController.m */,
				BC5021F11C4A42B700484C49 /* CY.pch */,
				BCC0526B1C2ACC40004DF76B /* CYGameOverViewController.h */,
				BCC0526C1C2ACC40004DF76B /* CYGameOverViewController.m */,
				BC1D00991C44C253007514DA /* CYScoreModel.h */,
				BC1D009A1C44C253007514DA /* CYScoreModel.m */,
				BC1D00961C44C134007514DA /* CYDatabaseMessage.h */,
				BC1D00971C44C134007514DA /* CYDatabaseMessage.m */,
				BCD401C81C087468003883E8 /* Main.storyboard */,
				BCD401CB1C087468003883E8 /* Images.xcassets */,
				BCD401CD1C087468003883E8 /* LaunchScreen.xib */,
				BCD401BE1C087468003883E8 /* Supporting Files */,
			);
			path = CYloginSystem;
			sourceTree = "<group>";
		};
		BCD401BE1C087468003883E8 /* Supporting Files */ = {
			isa = PBXGroup;
			children = (
				BCD401BF1C087468003883E8 /* Info.plist */,
				BCD401C01C087468003883E8 /* main.m */,
			);
			name = "Supporting Files";
			sourceTree = "<group>";
		};
		BCD401D71C087468003883E8 /* CYloginSystemTests */ = {
			isa = PBXGroup;
			children = (
				BCD401DA1C087468003883E8 /* CYloginSystemTests.m */,
				BCD401D81C087468003883E8 /* Supporting Files */,
			);
			path = CYloginSystemTests;
			sourceTree = "<group>";
		};
		BCD401D81C087468003883E8 /* Supporting Files */ = {
			isa = PBXGroup;
			children = (
				BCD401D91C087468003883E8 /* Info.plist */,
			);
			name = "Supporting Files";
			sourceTree = "<group>";
		};
		F391C5040A04F24C46F8DDE0 /* Frameworks */ = {
			isa = PBXGroup;
			children = (
				0BFD60F63E99C6EFA6904848 /* libPods.a */,
			);
			name = Frameworks;
			sourceTree = "<group>";
		};
/* End PBXGroup section */

/* Begin PBXNativeTarget section */
		BCD401BA1C087467003883E8 /* CYloginSystem */ = {
			isa = PBXNativeTarget;
			buildConfigurationList = BCD401DE1C087468003883E8 /* Build configuration list for PBXNativeTarget "CYloginSystem" */;
			buildPhases = (
				677BF62B631DB6C8D0C73AF8 /* Check Pods Manifest.lock */,
				BCD401B71C087467003883E8 /* Sources */,
				BCD401B81C087467003883E8 /* Frameworks */,
				BCD401B91C087467003883E8 /* Resources */,
				FA6A925BA3EAB9A947DE3B46 /* Embed Pods Frameworks */,
				BCDE413C7167E3CAAA0BA9EB /* Copy Pods Resources */,
			);
			buildRules = (
			);
			dependencies = (
			);
			name = CYloginSystem;
			productName = CYloginSystem;
			productReference = BCD401BB1C087467003883E8 /* CYloginSystem.app */;
			productType = "com.apple.product-type.application";
		};
		BCD401D31C087468003883E8 /* CYloginSystemTests */ = {
			isa = PBXNativeTarget;
			buildConfigurationList = BCD401E11C087468003883E8 /* Build configuration list for PBXNativeTarget "CYloginSystemTests" */;
			buildPhases = (
				BCD401D01C087468003883E8 /* Sources */,
				BCD401D11C087468003883E8 /* Frameworks */,
				BCD401D21C087468003883E8 /* Resources */,
			);
			buildRules = (
			);
			dependencies = (
				BCD401D61C087468003883E8 /* PBXTargetDependency */,
			);
			name = CYloginSystemTests;
			productName = CYloginSystemTests;
			productReference = BCD401D41C087468003883E8 /* CYloginSystemTests.xctest */;
			productType = "com.apple.product-type.bundle.unit-test";
		};
/* End PBXNativeTarget section */

/* Begin PBXProject section */
		BCD401B31C087467003883E8 /* Project object */ = {
			isa = PBXProject;
			attributes = {
				LastUpgradeCheck = 0640;
				ORGANIZATIONNAME = qianfeng;
				TargetAttributes = {
					BCD401BA1C087467003883E8 = {
						CreatedOnToolsVersion = 6.4;
						DevelopmentTeam = 246FCL3YV7;
					};
					BCD401D31C087468003883E8 = {
						CreatedOnToolsVersion = 6.4;
						TestTargetID = BCD401BA1C087467003883E8;
					};
				};
			};
			buildConfigurationList = BCD401B61C087467003883E8 /* Build configuration list for PBXProject "CYloginSystem" */;
			compatibilityVersion = "Xcode 3.2";
			developmentRegion = English;
			hasScannedForEncodings = 0;
			knownRegions = (
				en,
				Base,
			);
			mainGroup = BCD401B21C087467003883E8;
			productRefGroup = BCD401BC1C087467003883E8 /* Products */;
			projectDirPath = "";
			projectRoot = "";
			targets = (
				BCD401BA1C087467003883E8 /* CYloginSystem */,
				BCD401D31C087468003883E8 /* CYloginSystemTests */,
			);
		};
/* End PBXProject section */

/* Begin PBXResourcesBuildPhase section */
		BCD401B91C087467003883E8 /* Resources */ = {
			isa = PBXResourcesBuildPhase;
			buildActionMask = 2147483647;
			files = (
				BCD401CA1C087468003883E8 /* Main.storyboard in Resources */,
				BCD401CF1C087468003883E8 /* LaunchScreen.xib in Resources */,
				BCD401CC1C087468003883E8 /* Images.xcassets in Resources */,
			);
			runOnlyForDeploymentPostprocessing = 0;
		};
		BCD401D21C087468003883E8 /* Resources */ = {
			isa = PBXResourcesBuildPhase;
			buildActionMask = 2147483647;
			files = (
			);
			runOnlyForDeploymentPostprocessing = 0;
		};
/* End PBXResourcesBuildPhase section */

/* Begin PBXShellScriptBuildPhase section */
		677BF62B631DB6C8D0C73AF8 /* Check Pods Manifest.lock */ = {
			isa = PBXShellScriptBuildPhase;
			buildActionMask = 2147483647;
			files = (
			);
			inputPaths = (
			);
			name = "Check Pods Manifest.lock";
			outputPaths = (
			);
			runOnlyForDeploymentPostprocessing = 0;
			shellPath = /bin/sh;
			shellScript = "diff \"${PODS_ROOT}/../Podfile.lock\" \"${PODS_ROOT}/Manifest.lock\" > /dev/null\nif [[ $? != 0 ]] ; then\n    cat << EOM\nerror: The sandbox is not in sync with the Podfile.lock. Run 'pod install' or update your CocoaPods installation.\nEOM\n    exit 1\nfi\n";
			showEnvVarsInLog = 0;
		};
		BCDE413C7167E3CAAA0BA9EB /* Copy Pods Resources */ = {
			isa = PBXShellScriptBuildPhase;
			buildActionMask = 2147483647;
			files = (
			);
			inputPaths = (
			);
			name = "Copy Pods Resources";
			outputPaths = (
			);
			runOnlyForDeploymentPostprocessing = 0;
			shellPath = /bin/sh;
			shellScript = "\"${SRCROOT}/Pods/Target Support Files/Pods/Pods-resources.sh\"\n";
			showEnvVarsInLog = 0;
		};
		FA6A925BA3EAB9A947DE3B46 /* Embed Pods Frameworks */ = {
			isa = PBXShellScriptBuildPhase;
			buildActionMask = 2147483647;
			files = (
			);
			inputPaths = (
			);
			name = "Embed Pods Frameworks";
			outputPaths = (
			);
			runOnlyForDeploymentPostprocessing = 0;
			shellPath = /bin/sh;
			shellScript = "\"${SRCROOT}/Pods/Target Support Files/Pods/Pods-frameworks.sh\"\n";
			showEnvVarsInLog = 0;
		};
/* End PBXShellScriptBuildPhase section */

/* Begin PBXSourcesBuildPhase section */
		BCD401B71C087467003883E8 /* Sources */ = {
			isa = PBXSourcesBuildPhase;
			buildActionMask = 2147483647;
			files = (
				BCACE5D21C0981560040ACF3 /* ForgetViewController.m in Sources */,
				BCD401C71C087468003883E8 /* ViewController.m in Sources */,
				BCD401C41C087468003883E8 /* AppDelegate.m in Sources */,
				BC1D00981C44C134007514DA /* CYDatabaseMessage.m in Sources */,
				BC1D009B1C44C253007514DA /* CYScoreModel.m in Sources */,
				BCC0526D1C2ACC40004DF76B /* CYGameOverViewController.m in Sources */,
				BCD401C11C087468003883E8 /* main.m in Sources */,
			);
			runOnlyForDeploymentPostprocessing = 0;
		};
		BCD401D01C087468003883E8 /* Sources */ = {
			isa = PBXSourcesBuildPhase;
			buildActionMask = 2147483647;
			files = (
				BCD401DB1C087468003883E8 /* CYloginSystemTests.m in Sources */,
			);
			runOnlyForDeploymentPostprocessing = 0;
		};
/* End PBXSourcesBuildPhase section */

/* Begin PBXTargetDependency section */
		BCD401D61C087468003883E8 /* PBXTargetDependency */ = {
			isa = PBXTargetDependency;
			target = BCD401BA1C087467003883E8 /* CYloginSystem */;
			targetProxy = BCD401D51C087468003883E8 /* PBXContainerItemProxy */;
		};
/* End PBXTargetDependency section */

/* Begin PBXVariantGroup section */
		BCD401C81C087468003883E8 /* Main.storyboard */ = {
			isa = PBXVariantGroup;
			children = (
				BCD401C91C087468003883E8 /* Base */,
			);
			name = Main.storyboard;
			sourceTree = "<group>";
		};
		BCD401CD1C087468003883E8 /* LaunchScreen.xib */ = {
			isa = PBXVariantGroup;
			children = (
				BCD401CE1C087468003883E8 /* Base */,
			);
			name = LaunchScreen.xib;
			sourceTree = "<group>";
		};
/* End PBXVariantGroup section */

/* Begin XCBuildConfiguration section */
		BCD401DC1C087468003883E8 /* Debug */ = {
			isa = XCBuildConfiguration;
			buildSettings = {
				ALWAYS_SEARCH_USER_PATHS = NO;
				CLANG_CXX_LANGUAGE_STANDARD = "gnu++0x";
				CLANG_CXX_LIBRARY = "libc++";
				CLANG_ENABLE_MODULES = YES;
				CLANG_ENABLE_OBJC_ARC = YES;
				CLANG_WARN_BOOL_CONVERSION = YES;
				CLANG_WARN_CONSTANT_CONVERSION = YES;
				CLANG_WARN_DIRECT_OBJC_ISA_USAGE = YES_ERROR;
				CLANG_WARN_EMPTY_BODY = YES;
				CLANG_WARN_ENUM_CONVERSION = YES;
				CLANG_WARN_INT_CONVERSION = YES;
				CLANG_WARN_OBJC_ROOT_CLASS = YES_ERROR;
				CLANG_WARN_UNREACHABLE_CODE = YES;
				CLANG_WARN__DUPLICATE_METHOD_MATCH = YES;
				"CODE_SIGN_IDENTITY[sdk=iphoneos*]" = "iPhone Developer";
				COPY_PHASE_STRIP = NO;
				DEBUG_INFORMATION_FORMAT = "dwarf-with-dsym";
				ENABLE_STRICT_OBJC_MSGSEND = YES;
				GCC_C_LANGUAGE_STANDARD = gnu99;
				GCC_DYNAMIC_NO_PIC = NO;
				GCC_NO_COMMON_BLOCKS = YES;
				GCC_OPTIMIZATION_LEVEL = 0;
				GCC_PREPROCESSOR_DEFINITIONS = (
					"DEBUG=1",
					"$(inherited)",
				);
				GCC_SYMBOLS_PRIVATE_EXTERN = NO;
				GCC_WARN_64_TO_32_BIT_CONVERSION = YES;
				GCC_WARN_ABOUT_RETURN_TYPE = YES_ERROR;
				GCC_WARN_UNDECLARED_SELECTOR = YES;
				GCC_WARN_UNINITIALIZED_AUTOS = YES_AGGRESSIVE;
				GCC_WARN_UNUSED_FUNCTION = YES;
				GCC_WARN_UNUSED_VARIABLE = YES;
				IPHONEOS_DEPLOYMENT_TARGET = 8.4;
				MTL_ENABLE_DEBUG_INFO = YES;
				ONLY_ACTIVE_ARCH = YES;
				SDKROOT = iphoneos;
				TARGETED_DEVICE_FAMILY = "1,2";
			};
			name = Debug;
		};
		BCD401DD1C087468003883E8 /* Release */ = {
			isa = XCBuildConfiguration;
			buildSettings = {
				ALWAYS_SEARCH_USER_PATHS = NO;
				CLANG_CXX_LANGUAGE_STANDARD = "gnu++0x";
				CLANG_CXX_LIBRARY = "libc++";
				CLANG_ENABLE_MODULES = YES;
				CLANG_ENABLE_OBJC_ARC = YES;
				CLANG_WARN_BOOL_CONVERSION = YES;
				CLANG_WARN_CONSTANT_CONVERSION = YES;
				CLANG_WARN_DIRECT_OBJC_ISA_USAGE = YES_ERROR;
				CLANG_WARN_EMPTY_BODY = YES;
				CLANG_WARN_ENUM_CONVERSION = YES;
				CLANG_WARN_INT_CONVERSION = YES;
				CLANG_WARN_OBJC_ROOT_CLASS = YES_ERROR;
				CLANG_WARN_UNREACHABLE_CODE = YES;
				CLANG_WARN__DUPLICATE_METHOD_MATCH = YES;
				"CODE_SIGN_IDENTITY[sdk=iphoneos*]" = "iPhone Developer";
				COPY_PHASE_STRIP = NO;
				DEBUG_INFORMATION_FORMAT = "dwarf-with-dsym";
				ENABLE_NS_ASSERTIONS = NO;
				ENABLE_STRICT_OBJC_MSGSEND = YES;
				GCC_C_LANGUAGE_STANDARD = gnu99;
				GCC_NO_COMMON_BLOCKS = YES;
				GCC_WARN_64_TO_32_BIT_CONVERSION = YES;
				GCC_WARN_ABOUT_RETURN_TYPE = YES_ERROR;
				GCC_WARN_UNDECLARED_SELECTOR = YES;
				GCC_WARN_UNINITIALIZED_AUTOS = YES_AGGRESSIVE;
				GCC_WARN_UNUSED_FUNCTION = YES;
				GCC_WARN_UNUSED_VARIABLE = YES;
				IPHONEOS_DEPLOYMENT_TARGET = 8.4;
				MTL_ENABLE_DEBUG_INFO = NO;
				SDKROOT = iphoneos;
				TARGETED_DEVICE_FAMILY = "1,2";
				VALIDATE_PRODUCT = YES;
			};
			name = Release;
		};
		BCD401DF1C087468003883E8 /* Debug */ = {
			isa = XCBuildConfiguration;
			baseConfigurationReference = E9BEBFA6C5650BFA6136F123 /* Pods.debug.xcconfig */;
			buildSettings = {
				ALWAYS_SEARCH_USER_PATHS = YES;
				ASSETCATALOG_COMPILER_APPICON_NAME = AppIcon;
				CODE_SIGN_IDENTITY = "iPhone Developer";
				ENABLE_BITCODE = NO;
				GCC_PRECOMPILE_PREFIX_HEADER = NO;
				GCC_PREFIX_HEADER = /Users/qianfeng/Desktop/CYloginSystem/CYloginSystem/CY.pch;
				INFOPLIST_FILE = CYloginSystem/Info.plist;
				IPHONEOS_DEPLOYMENT_TARGET = 8.4;
				LD_RUNPATH_SEARCH_PATHS = "$(inherited) @executable_path/Frameworks";
				PRODUCT_BUNDLE_IDENTIFIER = com.wandeful.CYGame;
				PRODUCT_NAME = "$(TARGET_NAME)";
				USER_HEADER_SEARCH_PATHS = "${PODS_ROOT}/**";
				USE_HEADERMAP = YES;
			};
			name = Debug;
		};
		BCD401E01C087468003883E8 /* Release */ = {
			isa = XCBuildConfiguration;
			baseConfigurationReference = D91B4CDA36987354152C72F7 /* Pods.release.xcconfig */;
			buildSettings = {
				ALWAYS_SEARCH_USER_PATHS = YES;
				ASSETCATALOG_COMPILER_APPICON_NAME = AppIcon;
				CODE_SIGN_IDENTITY = "iPhone Developer";
				ENABLE_BITCODE = NO;
				GCC_PRECOMPILE_PREFIX_HEADER = NO;
				GCC_PREFIX_HEADER = /Users/qianfeng/Desktop/CYloginSystem/CYloginSystem/CY.pch;
				INFOPLIST_FILE = CYloginSystem/Info.plist;
				IPHONEOS_DEPLOYMENT_TARGET = 8.4;
				LD_RUNPATH_SEARCH_PATHS = "$(inherited) @executable_path/Frameworks";
				PRODUCT_BUNDLE_IDENTIFIER = com.wandeful.CYGame;
				PRODUCT_NAME = "$(TARGET_NAME)";
				USER_HEADER_SEARCH_PATHS = "${PODS_ROOT}/**";
				USE_HEADERMAP = YES;
			};
			name = Release;
		};
		BCD401E21C087468003883E8 /* Debug */ = {
			isa = XCBuildConfiguration;
			buildSettings = {
				BUNDLE_LOADER = "$(TEST_HOST)";
				FRAMEWORK_SEARCH_PATHS = (
					"$(SDKROOT)/Developer/Library/Frameworks",
					"$(inherited)",
				);
				GCC_PREPROCESSOR_DEFINITIONS = (
					"DEBUG=1",
					"$(inherited)",
				);
				INFOPLIST_FILE = CYloginSystemTests/Info.plist;
				LD_RUNPATH_SEARCH_PATHS = "$(inherited) @executable_path/Frameworks @loader_path/Frameworks";
				PRODUCT_NAME = "$(TARGET_NAME)";
				TEST_HOST = "$(BUILT_PRODUCTS_DIR)/CYloginSystem.app/CYloginSystem";
			};
			name = Debug;
		};
		BCD401E31C087468003883E8 /* Release */ = {
			isa = XCBuildConfiguration;
			buildSettings = {
				BUNDLE_LOADER = "$(TEST_HOST)";
				FRAMEWORK_SEARCH_PATHS = (
					"$(SDKROOT)/Developer/Library/Frameworks",
					"$(inherited)",
				);
				INFOPLIST_FILE = CYloginSystemTests/Info.plist;
				LD_RUNPATH_SEARCH_PATHS = "$(inherited) @executable_path/Frameworks @loader_path/Frameworks";
				PRODUCT_NAME = "$(TARGET_NAME)";
				TEST_HOST = "$(BUILT_PRODUCTS_DIR)/CYloginSystem.app/CYloginSystem";
			};
			name = Release;
		};
/* End XCBuildConfiguration section */

/* Begin XCConfigurationList section */
		BCD401B61C087467003883E8 /* Build configuration list for PBXProject "CYloginSystem" */ = {
			isa = XCConfigurationList;
			buildConfigurations = (
				BCD401DC1C087468003883E8 /* Debug */,
				BCD401DD1C087468003883E8 /* Release */,
			);
			defaultConfigurationIsVisible = 0;
			defaultConfigurationName = Release;
		};
		BCD401DE1C087468003883E8 /* Build configuration list for PBXNativeTarget "CYloginSystem" */ = {
			isa = XCConfigurationList;
			buildConfigurations = (
				BCD401DF1C087468003883E8 /* Debug */,
				BCD401E01C087468003883E8 /* Release */,
			);
			defaultConfigurationIsVisible = 0;
			defaultConfigurationName = Release;
		};
		BCD401E11C087468003883E8 /* Build configuration list for PBXNativeTarget "CYloginSystemTests" */ = {
			isa = XCConfigurationList;
			buildConfigurations = (
				BCD401E21C087468003883E8 /* Debug */,
				BCD401E31C087468003883E8 /* Release */,
			);
			defaultConfigurationIsVisible = 0;
			defaultConfigurationName = Release;
		};
/* End XCConfigurationList section */
	};
	rootObject = BCD401B31C087467003883E8 /* Project object */;
}
